
Microsoft Visual Studio Solution File, Format Version 12.00
# Visual Studio Version 16
VisualStudioVersion = 16.0.31112.23
MinimumVisualStudioVersion = 10.0.40219.1
Project("{FAE04EC0-301F-11D3-BF4B-00C04F79EFBC}") = "PrimeiraAplicacaoWeb", "PrimeiraAplicacaoWeb\PrimeiraAplicacaoWeb.csproj", "{31063AAB-4801-4A93-9585-B33695041E05}"
EndProject
Project("{FAE04EC0-301F-11D3-BF4B-00C04F79EFBC}") = "PrimeiraAplicacao.Tests", "PrimeiraAplicacao.Tests\PrimeiraAplicacao.Tests.csproj", "{534082B5-8E86-415D-BF2C-5E8C40386A93}"
EndProject
Global
	GlobalSection(SolutionConfigurationPlatforms) = preSolution
		Debug|Any CPU = Debug|Any CPU
		Release|Any CPU = Release|Any CPU
	EndGlobalSection
	GlobalSection(ProjectConfigurationPlatforms) = postSolution
		{31063AAB-4801-4A93-9585-B33695041E05}.Debug|Any CPU.ActiveCfg = Debug|Any CPU
		{31063AAB-4801-4A93-9585-B33695041E05}.Debug|Any CPU.Build.0 = Debug|Any CPU
		{31063AAB-4801-4A93-9585-B33695041E05}.Release|Any CPU.ActiveCfg = Release|Any CPU
		{31063AAB-4801-4A93-9585-B33695041E05}.Release|Any CPU.Build.0 = Release|Any CPU
		{534082B5-8E86-415D-BF2C-5E8C40386A93}.Debug|Any CPU.ActiveCfg = Debug|Any CPU
		{534082B5-8E86-415D-BF2C-5E8C40386A93}.Debug|Any CPU.Build.0 = Debug|Any CPU
		{534082B5-8E86-415D-BF2C-5E8C40386A93}.Release|Any CPU.ActiveCfg = Release|Any CPU
		{534082B5-8E86-415D-BF2C-5E8C40386A93}.Release|Any CPU.Build.0 = Release|Any CPU
	EndGlobalSection
	GlobalSection(SolutionProperties) = preSolution
		HideSolutionNode = FALSE
	EndGlobalSection
	GlobalSection(ExtensibilityGlobals) = postSolution
		SolutionGuid = {96C13076-BFEF-4D89-9BF2-96A930C91F27}
	EndGlobalSection
EndGlobal
